<?xml version="1.0" encoding="utf-8"?>
<Project ToolsVersion="4.0" xmlns="http://schemas.microsoft.com/developer/msbuild/2003">
  <ItemGroup>
    <Filter Include="Engine">
      <UniqueIdentifier>{68aa26b5-711b-4f5d-b455-61b24bba4b97}</UniqueIdentifier>
    </Filter>
    <Filter Include="Engine\core">
      <UniqueIdentifier>{fde569c0-3b19-46bf-a37a-16fd05375f9f}</UniqueIdentifier>
    </Filter>
    <Filter Include="Engine\math">
      <UniqueIdentifier>{18ad915d-b404-41ae-a62a-f724c9719c17}</UniqueIdentifier>
    </Filter>
    <Filter Include="Engine\platform">
      <UniqueIdentifier>{e7a16a9c-1191-4c23-99de-274e688b0e84}</UniqueIdentifier>
    </Filter>
    <Filter Include="Engine\platform\desktop">
      <UniqueIdentifier>{a0c24271-3232-4bdc-8f7f-4d2c251b0139}</UniqueIdentifier>
    </Filter>
  </ItemGroup>
  <ItemGroup>
    <ClInclude Include="..\..\..\Engine\core\director.h">
      <Filter>Engine\core</Filter>
    </ClInclude>
    <ClInclude Include="..\..\..\Engine\common.h">
      <Filter>Engine</Filter>
    </ClInclude>
    <ClInclude Include="..\..\..\Engine\engine.h">
      <Filter>Engine</Filter>
    </ClInclude>
    <ClInclude Include="..\..\..\Engine\math\vector2d.h">
      <Filter>Engine\math</Filter>
    </ClInclude>
    <ClInclude Include="..\..\..\Engine\platform\window.h">
      <Filter>Engine\platform</Filter>
    </ClInclude>
    <ClInclude Include="..\..\..\Engine\core\application.h">
      <Filter>Engine\core</Filter>
    </ClInclude>
  </ItemGroup>
  <ItemGroup>
    <ClCompile Include="..\..\..\Engine\core\director.cpp">
      <Filter>Engine\core</Filter>
    </ClCompile>
    <ClCompile Include="..\..\..\Engine\math\vector2d.cpp">
      <Filter>Engine\math</Filter>
    </ClCompile>
    <ClCompile Include="..\..\..\Engine\platform\desktop\window.cpp">
      <Filter>Engine\platform\desktop</Filter>
    </ClCompile>
    <ClCompile Include="..\..\..\Engine\core\application.cpp">
      <Filter>Engine\core</Filter>
    </ClCompile>
  </ItemGroup>
</Project>